// !$*UTF8*$!
{
	archiveVersion = 1;
	classes = {
	};
	objectVersion = 50;
	objects = {

/* Begin PBXBuildFile section */
		6026F0E0251A55DE00B09469 /* RMCharacters.swift in Sources */ = {isa = PBXBuildFile; fileRef = 6026F0DF251A55DE00B09469 /* RMCharacters.swift */; };
		6026F0E8251A564700B09469 /* RMCharacter.swift in Sources */ = {isa = PBXBuildFile; fileRef = 6026F0E7251A564700B09469 /* RMCharacter.swift */; };
		6026F0ED251A5D4700B09469 /* DetailViewController.swift in Sources */ = {isa = PBXBuildFile; fileRef = 6026F0EC251A5D4700B09469 /* DetailViewController.swift */; };
		6026F0F3251A6CDF00B09469 /* UIImageViewExtension.swift in Sources */ = {isa = PBXBuildFile; fileRef = 6026F0F2251A6CDF00B09469 /* UIImageViewExtension.swift */; };
		6026F103251A7C6000B09469 /* HomeCollectionViewController.swift in Sources */ = {isa = PBXBuildFile; fileRef = 6026F102251A7C6000B09469 /* HomeCollectionViewController.swift */; };
		6026F10F251A87D400B09469 /* CharacterCollectionViewCell.swift in Sources */ = {isa = PBXBuildFile; fileRef = 6026F10E251A87D400B09469 /* CharacterCollectionViewCell.swift */; };
		60582DDB251A5214005B4B8F /* AppDelegate.swift in Sources */ = {isa = PBXBuildFile; fileRef = 60582DDA251A5214005B4B8F /* AppDelegate.swift */; };
		60582DDD251A5214005B4B8F /* SceneDelegate.swift in Sources */ = {isa = PBXBuildFile; fileRef = 60582DDC251A5214005B4B8F /* SceneDelegate.swift */; };
		60582DDF251A5214005B4B8F /* HomeViewController.swift in Sources */ = {isa = PBXBuildFile; fileRef = 60582DDE251A5214005B4B8F /* HomeViewController.swift */; };
		60582DE2251A5214005B4B8F /* Main.storyboard in Resources */ = {isa = PBXBuildFile; fileRef = 60582DE0251A5214005B4B8F /* Main.storyboard */; };
		60582DE4251A5216005B4B8F /* Assets.xcassets in Resources */ = {isa = PBXBuildFile; fileRef = 60582DE3251A5216005B4B8F /* Assets.xcassets */; };
		60582DE7251A5216005B4B8F /* LaunchScreen.storyboard in Resources */ = {isa = PBXBuildFile; fileRef = 60582DE5251A5216005B4B8F /* LaunchScreen.storyboard */; };
		60582DF2251A5217005B4B8F /* ADT_Interview_CodingChallengeTests.swift in Sources */ = {isa = PBXBuildFile; fileRef = 60582DF1251A5217005B4B8F /* ADT_Interview_CodingChallengeTests.swift */; };
		60582DFD251A5217005B4B8F /* ADT_Interview_CodingChallengeUITests.swift in Sources */ = {isa = PBXBuildFile; fileRef = 60582DFC251A5217005B4B8F /* ADT_Interview_CodingChallengeUITests.swift */; };
/* End PBXBuildFile section */

/* Begin PBXContainerItemProxy section */
		60582DEE251A5217005B4B8F /* PBXContainerItemProxy */ = {
			isa = PBXContainerItemProxy;
			containerPortal = 60582DCF251A5213005B4B8F /* Project object */;
			proxyType = 1;
			remoteGlobalIDString = 60582DD6251A5214005B4B8F;
			remoteInfo = ADT_Interview_CodingChallenge;
		};
		60582DF9251A5217005B4B8F /* PBXContainerItemProxy */ = {
			isa = PBXContainerItemProxy;
			containerPortal = 60582DCF251A5213005B4B8F /* Project object */;
			proxyType = 1;
			remoteGlobalIDString = 60582DD6251A5214005B4B8F;
			remoteInfo = ADT_Interview_CodingChallenge;
		};
/* End PBXContainerItemProxy section */

/* Begin PBXFileReference section */
		6026F0DF251A55DE00B09469 /* RMCharacters.swift */ = {isa = PBXFileReference; lastKnownFileType = sourcecode.swift; path = RMCharacters.swift; sourceTree = "<group>"; };
		6026F0E7251A564700B09469 /* RMCharacter.swift */ = {isa = PBXFileReference; lastKnownFileType = sourcecode.swift; path = RMCharacter.swift; sourceTree = "<group>"; };
		6026F0EC251A5D4700B09469 /* DetailViewController.swift */ = {isa = PBXFileReference; lastKnownFileType = sourcecode.swift; path = DetailViewController.swift; sourceTree = "<group>"; };
		6026F0F2251A6CDF00B09469 /* UIImageViewExtension.swift */ = {isa = PBXFileReference; lastKnownFileType = sourcecode.swift; path = UIImageViewExtension.swift; sourceTree = "<group>"; };
		6026F102251A7C6000B09469 /* HomeCollectionViewController.swift */ = {isa = PBXFileReference; lastKnownFileType = sourcecode.swift; path = HomeCollectionViewController.swift; sourceTree = "<group>"; };
		6026F10E251A87D400B09469 /* CharacterCollectionViewCell.swift */ = {isa = PBXFileReference; lastKnownFileType = sourcecode.swift; path = CharacterCollectionViewCell.swift; sourceTree = "<group>"; };
		60582DD7251A5214005B4B8F /* ADT_Interview_CodingChallenge.app */ = {isa = PBXFileReference; explicitFileType = wrapper.application; includeInIndex = 0; path = ADT_Interview_CodingChallenge.app; sourceTree = BUILT_PRODUCTS_DIR; };
		60582DDA251A5214005B4B8F /* AppDelegate.swift */ = {isa = PBXFileReference; lastKnownFileType = sourcecode.swift; path = AppDelegate.swift; sourceTree = "<group>"; };
		60582DDC251A5214005B4B8F /* SceneDelegate.swift */ = {isa = PBXFileReference; lastKnownFileType = sourcecode.swift; path = SceneDelegate.swift; sourceTree = "<group>"; };
		60582DDE251A5214005B4B8F /* HomeViewController.swift */ = {isa = PBXFileReference; lastKnownFileType = sourcecode.swift; path = HomeViewController.swift; sourceTree = "<group>"; };
		60582DE1251A5214005B4B8F /* Base */ = {isa = PBXFileReference; lastKnownFileType = file.storyboard; name = Base; path = Base.lproj/Main.storyboard; sourceTree = "<group>"; };
		60582DE3251A5216005B4B8F /* Assets.xcassets */ = {isa = PBXFileReference; lastKnownFileType = folder.assetcatalog; path = Assets.xcassets; sourceTree = "<group>"; };
		60582DE6251A5216005B4B8F /* Base */ = {isa = PBXFileReference; lastKnownFileType = file.storyboard; name = Base; path = Base.lproj/LaunchScreen.storyboard; sourceTree = "<group>"; };
		60582DE8251A5216005B4B8F /* Info.plist */ = {isa = PBXFileReference; lastKnownFileType = text.plist.xml; path = Info.plist; sourceTree = "<group>"; };
		60582DED251A5217005B4B8F /* ADT_Interview_CodingChallengeTests.xctest */ = {isa = PBXFileReference; explicitFileType = wrapper.cfbundle; includeInIndex = 0; path = ADT_Interview_CodingChallengeTests.xctest; sourceTree = BUILT_PRODUCTS_DIR; };
		60582DF1251A5217005B4B8F /* ADT_Interview_CodingChallengeTests.swift */ = {isa = PBXFileReference; lastKnownFileType = sourcecode.swift; path = ADT_Interview_CodingChallengeTests.swift; sourceTree = "<group>"; };
		60582DF3251A5217005B4B8F /* Info.plist */ = {isa = PBXFileReference; lastKnownFileType = text.plist.xml; path = Info.plist; sourceTree = "<group>"; };
		60582DF8251A5217005B4B8F /* ADT_Interview_CodingChallengeUITests.xctest */ = {isa = PBXFileReference; explicitFileType = wrapper.cfbundle; includeInIndex = 0; path = ADT_Interview_CodingChallengeUITests.xctest; sourceTree = BUILT_PRODUCTS_DIR; };
		60582DFC251A5217005B4B8F /* ADT_Interview_CodingChallengeUITests.swift */ = {isa = PBXFileReference; lastKnownFileType = sourcecode.swift; path = ADT_Interview_CodingChallengeUITests.swift; sourceTree = "<group>"; };
		60582DFE251A5217005B4B8F /* Info.plist */ = {isa = PBXFileReference; lastKnownFileType = text.plist.xml; path = Info.plist; sourceTree = "<group>"; };
/* End PBXFileReference section */

/* Begin PBXFrameworksBuildPhase section */
		60582DD4251A5214005B4B8F /* Frameworks */ = {
			isa = PBXFrameworksBuildPhase;
			buildActionMask = 2147483647;
			files = (
			);
			runOnlyForDeploymentPostprocessing = 0;
		};
		60582DEA251A5217005B4B8F /* Frameworks */ = {
			isa = PBXFrameworksBuildPhase;
			buildActionMask = 2147483647;
			files = (
			);
			runOnlyForDeploymentPostprocessing = 0;
		};
		60582DF5251A5217005B4B8F /* Frameworks */ = {
			isa = PBXFrameworksBuildPhase;
			buildActionMask = 2147483647;
			files = (
			);
			runOnlyForDeploymentPostprocessing = 0;
		};
/* End PBXFrameworksBuildPhase section */

/* Begin PBXGroup section */
		6026F0F1251A6CC500B09469 /* Extensions */ = {
			isa = PBXGroup;
			children = (
				6026F0F2251A6CDF00B09469 /* UIImageViewExtension.swift */,
			);
			path = Extensions;
			sourceTree = "<group>";
		};
		6026F10D251A87A800B09469 /* CollectionViewComponents */ = {
			isa = PBXGroup;
			children = (
				6026F122251A9E5D00B09469 /* Cells */,
				6026F123251A9E6700B09469 /* ViewComponents */,
			);
			path = CollectionViewComponents;
			sourceTree = "<group>";
		};
		6026F118251A9E1500B09469 /* ViewControllers */ = {
			isa = PBXGroup;
			children = (
				6026F102251A7C6000B09469 /* HomeCollectionViewController.swift */,
				6026F0EC251A5D4700B09469 /* DetailViewController.swift */,
				60582DDE251A5214005B4B8F /* HomeViewController.swift */,
			);
			path = ViewControllers;
			sourceTree = "<group>";
		};
		6026F122251A9E5D00B09469 /* Cells */ = {
			isa = PBXGroup;
			children = (
				6026F10E251A87D400B09469 /* CharacterCollectionViewCell.swift */,
			);
			path = Cells;
			sourceTree = "<group>";
		};
		6026F123251A9E6700B09469 /* ViewComponents */ = {
			isa = PBXGroup;
			children = (
			);
			path = ViewComponents;
			sourceTree = "<group>";
		};
		60582DCE251A5213005B4B8F = {
			isa = PBXGroup;
			children = (
				60582DD9251A5214005B4B8F /* ADT_Interview_CodingChallenge */,
				60582DF0251A5217005B4B8F /* ADT_Interview_CodingChallengeTests */,
				60582DFB251A5217005B4B8F /* ADT_Interview_CodingChallengeUITests */,
				60582DD8251A5214005B4B8F /* Products */,
			);
			sourceTree = "<group>";
		};
		60582DD8251A5214005B4B8F /* Products */ = {
			isa = PBXGroup;
			children = (
				60582DD7251A5214005B4B8F /* ADT_Interview_CodingChallenge.app */,
				60582DED251A5217005B4B8F /* ADT_Interview_CodingChallengeTests.xctest */,
				60582DF8251A5217005B4B8F /* ADT_Interview_CodingChallengeUITests.xctest */,
			);
			name = Products;
			sourceTree = "<group>";
		};
		60582DD9251A5214005B4B8F /* ADT_Interview_CodingChallenge */ = {
			isa = PBXGroup;
			children = (
				60582E10251A5239005B4B8F /* Delegates */,
				6026F0F1251A6CC500B09469 /* Extensions */,
				60582E0F251A5234005B4B8F /* Models */,
				60582E0E251A522A005B4B8F /* Storyboards */,
				60582E0D251A5221005B4B8F /* Views */,
				60582DE3251A5216005B4B8F /* Assets.xcassets */,
				60582DE8251A5216005B4B8F /* Info.plist */,
			);
			path = ADT_Interview_CodingChallenge;
			sourceTree = "<group>";
		};
		60582DF0251A5217005B4B8F /* ADT_Interview_CodingChallengeTests */ = {
			isa = PBXGroup;
			children = (
				60582DF1251A5217005B4B8F /* ADT_Interview_CodingChallengeTests.swift */,
				60582DF3251A5217005B4B8F /* Info.plist */,
			);
			path = ADT_Interview_CodingChallengeTests;
			sourceTree = "<group>";
		};
		60582DFB251A5217005B4B8F /* ADT_Interview_CodingChallengeUITests */ = {
			isa = PBXGroup;
			children = (
				60582DFC251A5217005B4B8F /* ADT_Interview_CodingChallengeUITests.swift */,
				60582DFE251A5217005B4B8F /* Info.plist */,
			);
			path = ADT_Interview_CodingChallengeUITests;
			sourceTree = "<group>";
		};
		60582E0D251A5221005B4B8F /* Views */ = {
			isa = PBXGroup;
			children = (
				6026F118251A9E1500B09469 /* ViewControllers */,
				6026F10D251A87A800B09469 /* CollectionViewComponents */,
			);
			path = Views;
			sourceTree = "<group>";
		};
		60582E0E251A522A005B4B8F /* Storyboards */ = {
			isa = PBXGroup;
			children = (
				60582DE5251A5216005B4B8F /* LaunchScreen.storyboard */,
				60582DE0251A5214005B4B8F /* Main.storyboard */,
			);
			path = Storyboards;
			sourceTree = "<group>";
		};
		60582E0F251A5234005B4B8F /* Models */ = {
			isa = PBXGroup;
			children = (
				6026F0DF251A55DE00B09469 /* RMCharacters.swift */,
				6026F0E7251A564700B09469 /* RMCharacter.swift */,
			);
			path = Models;
			sourceTree = "<group>";
		};
		60582E10251A5239005B4B8F /* Delegates */ = {
			isa = PBXGroup;
			children = (
				60582DDA251A5214005B4B8F /* AppDelegate.swift */,
				60582DDC251A5214005B4B8F /* SceneDelegate.swift */,
			);
			path = Delegates;
			sourceTree = "<group>";
		};
/* End PBXGroup section */

/* Begin PBXNativeTarget section */
		60582DD6251A5214005B4B8F /* ADT_Interview_CodingChallenge */ = {
			isa = PBXNativeTarget;
			buildConfigurationList = 60582E01251A5217005B4B8F /* Build configuration list for PBXNativeTarget "ADT_Interview_CodingChallenge" */;
			buildPhases = (
				60582DD3251A5214005B4B8F /* Sources */,
				60582DD4251A5214005B4B8F /* Frameworks */,
				60582DD5251A5214005B4B8F /* Resources */,
			);
			buildRules = (
			);
			dependencies = (
			);
			name = ADT_Interview_CodingChallenge;
			productName = ADT_Interview_CodingChallenge;
			productReference = 60582DD7251A5214005B4B8F /* ADT_Interview_CodingChallenge.app */;
			productType = "com.apple.product-type.application";
		};
		60582DEC251A5217005B4B8F /* ADT_Interview_CodingChallengeTests */ = {
			isa = PBXNativeTarget;
			buildConfigurationList = 60582E04251A5217005B4B8F /* Build configuration list for PBXNativeTarget "ADT_Interview_CodingChallengeTests" */;
			buildPhases = (
				60582DE9251A5217005B4B8F /* Sources */,
				60582DEA251A5217005B4B8F /* Frameworks */,
				60582DEB251A5217005B4B8F /* Resources */,
			);
			buildRules = (
			);
			dependencies = (
				60582DEF251A5217005B4B8F /* PBXTargetDependency */,
			);
			name = ADT_Interview_CodingChallengeTests;
			productName = ADT_Interview_CodingChallengeTests;
			productReference = 60582DED251A5217005B4B8F /* ADT_Interview_CodingChallengeTests.xctest */;
			productType = "com.apple.product-type.bundle.unit-test";
		};
		60582DF7251A5217005B4B8F /* ADT_Interview_CodingChallengeUITests */ = {
			isa = PBXNativeTarget;
			buildConfigurationList = 60582E07251A5217005B4B8F /* Build configuration list for PBXNativeTarget "ADT_Interview_CodingChallengeUITests" */;
			buildPhases = (
				60582DF4251A5217005B4B8F /* Sources */,
				60582DF5251A5217005B4B8F /* Frameworks */,
				60582DF6251A5217005B4B8F /* Resources */,
			);
			buildRules = (
			);
			dependencies = (
				60582DFA251A5217005B4B8F /* PBXTargetDependency */,
			);
			name = ADT_Interview_CodingChallengeUITests;
			productName = ADT_Interview_CodingChallengeUITests;
			productReference = 60582DF8251A5217005B4B8F /* ADT_Interview_CodingChallengeUITests.xctest */;
			productType = "com.apple.product-type.bundle.ui-testing";
		};
/* End PBXNativeTarget section */

/* Begin PBXProject section */
		60582DCF251A5213005B4B8F /* Project object */ = {
			isa = PBXProject;
			attributes = {
				LastSwiftUpdateCheck = 1200;
				LastUpgradeCheck = 1200;
				TargetAttributes = {
					60582DD6251A5214005B4B8F = {
						CreatedOnToolsVersion = 12.0;
					};
					60582DEC251A5217005B4B8F = {
						CreatedOnToolsVersion = 12.0;
						TestTargetID = 60582DD6251A5214005B4B8F;
					};
					60582DF7251A5217005B4B8F = {
						CreatedOnToolsVersion = 12.0;
						TestTargetID = 60582DD6251A5214005B4B8F;
					};
				};
			};
			buildConfigurationList = 60582DD2251A5213005B4B8F /* Build configuration list for PBXProject "ADT_Interview_CodingChallenge" */;
			compatibilityVersion = "Xcode 9.3";
			developmentRegion = en;
			hasScannedForEncodings = 0;
			knownRegions = (
				en,
				Base,
			);
			mainGroup = 60582DCE251A5213005B4B8F;
			productRefGroup = 60582DD8251A5214005B4B8F /* Products */;
			projectDirPath = "";
			projectRoot = "";
			targets = (
				60582DD6251A5214005B4B8F /* ADT_Interview_CodingChallenge */,
				60582DEC251A5217005B4B8F /* ADT_Interview_CodingChallengeTests */,
				60582DF7251A5217005B4B8F /* ADT_Interview_CodingChallengeUITests */,
			);
		};
/* End PBXProject section */

/* Begin PBXResourcesBuildPhase section */
		60582DD5251A5214005B4B8F /* Resources */ = {
			isa = PBXResourcesBuildPhase;
			buildActionMask = 2147483647;
			files = (
				60582DE7251A5216005B4B8F /* LaunchScreen.storyboard in Resources */,
				60582DE4251A5216005B4B8F /* Assets.xcassets in Resources */,
				60582DE2251A5214005B4B8F /* Main.storyboard in Resources */,
			);
			runOnlyForDeploymentPostprocessing = 0;
		};
		60582DEB251A5217005B4B8F /* Resources */ = {
			isa = PBXResourcesBuildPhase;
			buildActionMask = 2147483647;
			files = (
			);
			runOnlyForDeploymentPostprocessing = 0;
		};
		60582DF6251A5217005B4B8F /* Resources */ = {
			isa = PBXResourcesBuildPhase;
			buildActionMask = 2147483647;
			files = (
			);
			runOnlyForDeploymentPostprocessing = 0;
		};
/* End PBXResourcesBuildPhase section */

/* Begin PBXSourcesBuildPhase section */
		60582DD3251A5214005B4B8F /* Sources */ = {
			isa = PBXSourcesBuildPhase;
			buildActionMask = 2147483647;
			files = (
				60582DDF251A5214005B4B8F /* HomeViewController.swift in Sources */,
				6026F0F3251A6CDF00B09469 /* UIImageViewExtension.swift in Sources */,
				60582DDB251A5214005B4B8F /* AppDelegate.swift in Sources */,
				6026F10F251A87D400B09469 /* CharacterCollectionViewCell.swift in Sources */,
				60582DDD251A5214005B4B8F /* SceneDelegate.swift in Sources */,
				6026F0ED251A5D4700B09469 /* DetailViewController.swift in Sources */,
				6026F103251A7C6000B09469 /* HomeCollectionViewController.swift in Sources */,
				6026F0E0251A55DE00B09469 /* RMCharacters.swift in Sources */,
				6026F0E8251A564700B09469 /* RMCharacter.swift in Sources */,
			);
			runOnlyForDeploymentPostprocessing = 0;
		};
		60582DE9251A5217005B4B8F /* Sources */ = {
			isa = PBXSourcesBuildPhase;
			buildActionMask = 2147483647;
			files = (
				60582DF2251A5217005B4B8F /* ADT_Interview_CodingChallengeTests.swift in Sources */,
			);
			runOnlyForDeploymentPostprocessing = 0;
		};
		60582DF4251A5217005B4B8F /* Sources */ = {
			isa = PBXSourcesBuildPhase;
			buildActionMask = 2147483647;
			files = (
				60582DFD251A5217005B4B8F /* ADT_Interview_CodingChallengeUITests.swift in Sources */,
			);
			runOnlyForDeploymentPostprocessing = 0;
		};
/* End PBXSourcesBuildPhase section */

/* Begin PBXTargetDependency section */
		60582DEF251A5217005B4B8F /* PBXTargetDependency */ = {
			isa = PBXTargetDependency;
			target = 60582DD6251A5214005B4B8F /* ADT_Interview_CodingChallenge */;
			targetProxy = 60582DEE251A5217005B4B8F /* PBXContainerItemProxy */;
		};
		60582DFA251A5217005B4B8F /* PBXTargetDependency */ = {
			isa = PBXTargetDependency;
			target = 60582DD6251A5214005B4B8F /* ADT_Interview_CodingChallenge */;
			targetProxy = 60582DF9251A5217005B4B8F /* PBXContainerItemProxy */;
		};
/* End PBXTargetDependency section */

/* Begin PBXVariantGroup section */
		60582DE0251A5214005B4B8F /* Main.storyboard */ = {
			isa = PBXVariantGroup;
			children = (
				60582DE1251A5214005B4B8F /* Base */,
			);
			name = Main.storyboard;
			sourceTree = "<group>";
		};
		60582DE5251A5216005B4B8F /* LaunchScreen.storyboard */ = {
			isa = PBXVariantGroup;
			children = (
				60582DE6251A5216005B4B8F /* Base */,
			);
			name = LaunchScreen.storyboard;
			sourceTree = "<group>";
		};
/* End PBXVariantGroup section */

/* Begin XCBuildConfiguration section */
		60582DFF251A5217005B4B8F /* Debug */ = {
			isa = XCBuildConfiguration;
			buildSettings = {
				ALWAYS_SEARCH_USER_PATHS = NO;
				CLANG_ANALYZER_NONNULL = YES;
				CLANG_ANALYZER_NUMBER_OBJECT_CONVERSION = YES_AGGRESSIVE;
				CLANG_CXX_LANGUAGE_STANDARD = "gnu++14";
				CLANG_CXX_LIBRARY = "libc++";
				CLANG_ENABLE_MODULES = YES;
				CLANG_ENABLE_OBJC_ARC = YES;
				CLANG_ENABLE_OBJC_WEAK = YES;
				CLANG_WARN_BLOCK_CAPTURE_AUTORELEASING = YES;
				CLANG_WARN_BOOL_CONVERSION = YES;
				CLANG_WARN_COMMA = YES;
				CLANG_WARN_CONSTANT_CONVERSION = YES;
				CLANG_WARN_DEPRECATED_OBJC_IMPLEMENTATIONS = YES;
				CLANG_WARN_DIRECT_OBJC_ISA_USAGE = YES_ERROR;
				CLANG_WARN_DOCUMENTATION_COMMENTS = YES;
				CLANG_WARN_EMPTY_BODY = YES;
				CLANG_WARN_ENUM_CONVERSION = YES;
				CLANG_WARN_INFINITE_RECURSION = YES;
				CLANG_WARN_INT_CONVERSION = YES;
				CLANG_WARN_NON_LITERAL_NULL_CONVERSION = YES;
				CLANG_WARN_OBJC_IMPLICIT_RETAIN_SELF = YES;
				CLANG_WARN_OBJC_LITERAL_CONVERSION = YES;
				CLANG_WARN_OBJC_ROOT_CLASS = YES_ERROR;
				CLANG_WARN_QUOTED_INCLUDE_IN_FRAMEWORK_HEADER = YES;
				CLANG_WARN_RANGE_LOOP_ANALYSIS = YES;
				CLANG_WARN_STRICT_PROTOTYPES = YES;
				CLANG_WARN_SUSPICIOUS_MOVE = YES;
				CLANG_WARN_UNGUARDED_AVAILABILITY = YES_AGGRESSIVE;
				CLANG_WARN_UNREACHABLE_CODE = YES;
				CLANG_WARN__DUPLICATE_METHOD_MATCH = YES;
				COPY_PHASE_STRIP = NO;
				DEBUG_INFORMATION_FORMAT = dwarf;
				ENABLE_STRICT_OBJC_MSGSEND = YES;
				ENABLE_TESTABILITY = YES;
				GCC_C_LANGUAGE_STANDARD = gnu11;
				GCC_DYNAMIC_NO_PIC = NO;
				GCC_NO_COMMON_BLOCKS = YES;
				GCC_OPTIMIZATION_LEVEL = 0;
				GCC_PREPROCESSOR_DEFINITIONS = (
					"DEBUG=1",
					"$(inherited)",
				);
				GCC_WARN_64_TO_32_BIT_CONVERSION = YES;
				GCC_WARN_ABOUT_RETURN_TYPE = YES_ERROR;
				GCC_WARN_UNDECLARED_SELECTOR = YES;
				GCC_WARN_UNINITIALIZED_AUTOS = YES_AGGRESSIVE;
				GCC_WARN_UNUSED_FUNCTION = YES;
				GCC_WARN_UNUSED_VARIABLE = YES;
				IPHONEOS_DEPLOYMENT_TARGET = 14.0;
				MTL_ENABLE_DEBUG_INFO = INCLUDE_SOURCE;
				MTL_FAST_MATH = YES;
				ONLY_ACTIVE_ARCH = YES;
				SDKROOT = iphoneos;
				SWIFT_ACTIVE_COMPILATION_CONDITIONS = DEBUG;
				SWIFT_OPTIMIZATION_LEVEL = "-Onone";
			};
			name = Debug;
		};
		60582E00251A5217005B4B8F /* Release */ = {
			isa = XCBuildConfiguration;
			buildSettings = {
				ALWAYS_SEARCH_USER_PATHS = NO;
				CLANG_ANALYZER_NONNULL = YES;
				CLANG_ANALYZER_NUMBER_OBJECT_CONVERSION = YES_AGGRESSIVE;
				CLANG_CXX_LANGUAGE_STANDARD = "gnu++14";
				CLANG_CXX_LIBRARY = "libc++";
				CLANG_ENABLE_MODULES = YES;
				CLANG_ENABLE_OBJC_ARC = YES;
				CLANG_ENABLE_OBJC_WEAK = YES;
				CLANG_WARN_BLOCK_CAPTURE_AUTORELEASING = YES;
				CLANG_WARN_BOOL_CONVERSION = YES;
				CLANG_WARN_COMMA = YES;
				CLANG_WARN_CONSTANT_CONVERSION = YES;
				CLANG_WARN_DEPRECATED_OBJC_IMPLEMENTATIONS = YES;
				CLANG_WARN_DIRECT_OBJC_ISA_USAGE = YES_ERROR;
				CLANG_WARN_DOCUMENTATION_COMMENTS = YES;
				CLANG_WARN_EMPTY_BODY = YES;
				CLANG_WARN_ENUM_CONVERSION = YES;
				CLANG_WARN_INFINITE_RECURSION = YES;
				CLANG_WARN_INT_CONVERSION = YES;
				CLANG_WARN_NON_LITERAL_NULL_CONVERSION = YES;
				CLANG_WARN_OBJC_IMPLICIT_RETAIN_SELF = YES;
				CLANG_WARN_OBJC_LITERAL_CONVERSION = YES;
				CLANG_WARN_OBJC_ROOT_CLASS = YES_ERROR;
				CLANG_WARN_QUOTED_INCLUDE_IN_FRAMEWORK_HEADER = YES;
				CLANG_WARN_RANGE_LOOP_ANALYSIS = YES;
				CLANG_WARN_STRICT_PROTOTYPES = YES;
				CLANG_WARN_SUSPICIOUS_MOVE = YES;
				CLANG_WARN_UNGUARDED_AVAILABILITY = YES_AGGRESSIVE;
				CLANG_WARN_UNREACHABLE_CODE = YES;
				CLANG_WARN__DUPLICATE_METHOD_MATCH = YES;
				COPY_PHASE_STRIP = NO;
				DEBUG_INFORMATION_FORMAT = "dwarf-with-dsym";
				ENABLE_NS_ASSERTIONS = NO;
				ENABLE_STRICT_OBJC_MSGSEND = YES;
				GCC_C_LANGUAGE_STANDARD = gnu11;
				GCC_NO_COMMON_BLOCKS = YES;
				GCC_WARN_64_TO_32_BIT_CONVERSION = YES;
				GCC_WARN_ABOUT_RETURN_TYPE = YES_ERROR;
				GCC_WARN_UNDECLARED_SELECTOR = YES;
				GCC_WARN_UNINITIALIZED_AUTOS = YES_AGGRESSIVE;
				GCC_WARN_UNUSED_FUNCTION = YES;
				GCC_WARN_UNUSED_VARIABLE = YES;
				IPHONEOS_DEPLOYMENT_TARGET = 14.0;
				MTL_ENABLE_DEBUG_INFO = NO;
				MTL_FAST_MATH = YES;
				SDKROOT = iphoneos;
				SWIFT_COMPILATION_MODE = wholemodule;
				SWIFT_OPTIMIZATION_LEVEL = "-O";
				VALIDATE_PRODUCT = YES;
			};
			name = Release;
		};
		60582E02251A5217005B4B8F /* Debug */ = {
			isa = XCBuildConfiguration;
			buildSettings = {
				ASSETCATALOG_COMPILER_APPICON_NAME = AppIcon;
				ASSETCATALOG_COMPILER_GLOBAL_ACCENT_COLOR_NAME = AccentColor;
				CODE_SIGN_STYLE = Automatic;
				DEVELOPMENT_TEAM = 3C9P7PTK6N;
				INFOPLIST_FILE = ADT_Interview_CodingChallenge/Info.plist;
				LD_RUNPATH_SEARCH_PATHS = (
					"$(inherited)",
					"@executable_path/Frameworks",
				);
				PRODUCT_BUNDLE_IDENTIFIER = "com.jeremyfleshman.ADT-Interview-CodingChallenge";
				PRODUCT_NAME = "$(TARGET_NAME)";
				SWIFT_VERSION = 5.0;
				TARGETED_DEVICE_FAMILY = "1,2";
			};
			name = Debug;
		};
		60582E03251A5217005B4B8F /* Release */ = {
			isa = XCBuildConfiguration;
			buildSettings = {
				ASSETCATALOG_COMPILER_APPICON_NAME = AppIcon;
				ASSETCATALOG_COMPILER_GLOBAL_ACCENT_COLOR_NAME = AccentColor;
				CODE_SIGN_STYLE = Automatic;
				DEVELOPMENT_TEAM = 3C9P7PTK6N;
				INFOPLIST_FILE = ADT_Interview_CodingChallenge/Info.plist;
				LD_RUNPATH_SEARCH_PATHS = (
					"$(inherited)",
					"@executable_path/Frameworks",
				);
				PRODUCT_BUNDLE_IDENTIFIER = "com.jeremyfleshman.ADT-Interview-CodingChallenge";
				PRODUCT_NAME = "$(TARGET_NAME)";
				SWIFT_VERSION = 5.0;
				TARGETED_DEVICE_FAMILY = "1,2";
			};
			name = Release;
		};
		60582E05251A5217005B4B8F /* Debug */ = {
			isa = XCBuildConfiguration;
			buildSettings = {
				ALWAYS_EMBED_SWIFT_STANDARD_LIBRARIES = YES;
				BUNDLE_LOADER = "$(TEST_HOST)";
				CODE_SIGN_STYLE = Automatic;
				DEVELOPMENT_TEAM = 3C9P7PTK6N;
				INFOPLIST_FILE = ADT_Interview_CodingChallengeTests/Info.plist;
				IPHONEOS_DEPLOYMENT_TARGET = 14.0;
				LD_RUNPATH_SEARCH_PATHS = (
					"$(inherited)",
					"@executable_path/Frameworks",
					"@loader_path/Frameworks",
				);
				PRODUCT_BUNDLE_IDENTIFIER = "com.jeremyfleshman.ADT-Interview-CodingChallengeTests";
				PRODUCT_NAME = "$(TARGET_NAME)";
				SWIFT_VERSION = 5.0;
				TARGETED_DEVICE_FAMILY = "1,2";
				TEST_HOST = "$(BUILT_PRODUCTS_DIR)/ADT_Interview_CodingChallenge.app/ADT_Interview_CodingChallenge";
			};
			name = Debug;
		};
		60582E06251A5217005B4B8F /* Release */ = {
			isa = XCBuildConfiguration;
			buildSettings = {
				ALWAYS_EMBED_SWIFT_STANDARD_LIBRARIES = YES;
				BUNDLE_LOADER = "$(TEST_HOST)";
				CODE_SIGN_STYLE = Automatic;
				DEVELOPMENT_TEAM = 3C9P7PTK6N;
				INFOPLIST_FILE = ADT_Interview_CodingChallengeTests/Info.plist;
				IPHONEOS_DEPLOYMENT_TARGET = 14.0;
				LD_RUNPATH_SEARCH_PATHS = (
					"$(inherited)",
					"@executable_path/Frameworks",
					"@loader_path/Frameworks",
				);
				PRODUCT_BUNDLE_IDENTIFIER = "com.jeremyfleshman.ADT-Interview-CodingChallengeTests";
				PRODUCT_NAME = "$(TARGET_NAME)";
				SWIFT_VERSION = 5.0;
				TARGETED_DEVICE_FAMILY = "1,2";
				TEST_HOST = "$(BUILT_PRODUCTS_DIR)/ADT_Interview_CodingChallenge.app/ADT_Interview_CodingChallenge";
			};
			name = Release;
		};
		60582E08251A5217005B4B8F /* Debug */ = {
			isa = XCBuildConfiguration;
			buildSettings = {
				ALWAYS_EMBED_SWIFT_STANDARD_LIBRARIES = YES;
				CODE_SIGN_STYLE = Automatic;
				DEVELOPMENT_TEAM = 3C9P7PTK6N;
				INFOPLIST_FILE = ADT_Interview_CodingChallengeUITests/Info.plist;
				LD_RUNPATH_SEARCH_PATHS = (
					"$(inherited)",
					"@executable_path/Frameworks",
					"@loader_path/Frameworks",
				);
				PRODUCT_BUNDLE_IDENTIFIER = "com.jeremyfleshman.ADT-Interview-CodingChallengeUITests";
				PRODUCT_NAME = "$(TARGET_NAME)";
				SWIFT_VERSION = 5.0;
				TARGETED_DEVICE_FAMILY = "1,2";
				TEST_TARGET_NAME = ADT_Interview_CodingChallenge;
			};
			name = Debug;
		};
		60582E09251A5217005B4B8F /* Release */ = {
			isa = XCBuildConfiguration;
			buildSettings = {
				ALWAYS_EMBED_SWIFT_STANDARD_LIBRARIES = YES;
				CODE_SIGN_STYLE = Automatic;
				DEVELOPMENT_TEAM = 3C9P7PTK6N;
				INFOPLIST_FILE = ADT_Interview_CodingChallengeUITests/Info.plist;
				LD_RUNPATH_SEARCH_PATHS = (
					"$(inherited)",
					"@executable_path/Frameworks",
					"@loader_path/Frameworks",
				);
				PRODUCT_BUNDLE_IDENTIFIER = "com.jeremyfleshman.ADT-Interview-CodingChallengeUITests";
				PRODUCT_NAME = "$(TARGET_NAME)";
				SWIFT_VERSION = 5.0;
				TARGETED_DEVICE_FAMILY = "1,2";
				TEST_TARGET_NAME = ADT_Interview_CodingChallenge;
			};
			name = Release;
		};
/* End XCBuildConfiguration section */

/* Begin XCConfigurationList section */
		60582DD2251A5213005B4B8F /* Build configuration list for PBXProject "ADT_Interview_CodingChallenge" */ = {
			isa = XCConfigurationList;
			buildConfigurations = (
				60582DFF251A5217005B4B8F /* Debug */,
				60582E00251A5217005B4B8F /* Release */,
			);
			defaultConfigurationIsVisible = 0;
			defaultConfigurationName = Release;
		};
		60582E01251A5217005B4B8F /* Build configuration list for PBXNativeTarget "ADT_Interview_CodingChallenge" */ = {
			isa = XCConfigurationList;
			buildConfigurations = (
				60582E02251A5217005B4B8F /* Debug */,
				60582E03251A5217005B4B8F /* Release */,
			);
			defaultConfigurationIsVisible = 0;
			defaultConfigurationName = Release;
		};
		60582E04251A5217005B4B8F /* Build configuration list for PBXNativeTarget "ADT_Interview_CodingChallengeTests" */ = {
			isa = XCConfigurationList;
			buildConfigurations = (
				60582E05251A5217005B4B8F /* Debug */,
				60582E06251A5217005B4B8F /* Release */,
			);
			defaultConfigurationIsVisible = 0;
			defaultConfigurationName = Release;
		};
		60582E07251A5217005B4B8F /* Build configuration list for PBXNativeTarget "ADT_Interview_CodingChallengeUITests" */ = {
			isa = XCConfigurationList;
			buildConfigurations = (
				60582E08251A5217005B4B8F /* Debug */,
				60582E09251A5217005B4B8F /* Release */,
			);
			defaultConfigurationIsVisible = 0;
			defaultConfigurationName = Release;
		};
/* End XCConfigurationList section */
	};
	rootObject = 60582DCF251A5213005B4B8F /* Project object */;
}
